{
  "nodes": {
    "adblockEasyList": {
      "flake": false,
      "locked": {
        "lastModified": 1748234945,
        "narHash": "sha256-PBYITbYLqDak8X8DJ9HD+3UrrEI5AkweRGqou4Yzra4=",
        "owner": "thedoggybrad",
        "repo": "easylist-mirror",
        "rev": "b2f426be2f9e776cd477024ebc4cc984bc4b6dda",
        "type": "github"
      },
      "original": {
        "owner": "thedoggybrad",
        "repo": "easylist-mirror",
        "type": "github"
      }
    },
    "adblockHosts": {
      "flake": false,
      "locked": {
        "lastModified": 1747792192,
        "narHash": "sha256-HeWotX8CVc3vDlvAGq99FaeAT9JRSWtx4N/NhtjPwtg=",
        "owner": "StevenBlack",
        "repo": "hosts",
        "rev": "dbdcb032706dfe548745266218501afa93c14ad5",
        "type": "github"
      },
      "original": {
        "owner": "StevenBlack",
        "repo": "hosts",
        "type": "github"
      }
    },
    "agenix": {
      "inputs": {
        "darwin": "darwin",
        "home-manager": "home-manager",
        "nixpkgs": "nixpkgs",
        "systems": "systems"
      },
      "locked": {
        "lastModified": 1747575206,
        "narHash": "sha256-NwmAFuDUO/PFcgaGGr4j3ozG9Pe5hZ/ogitWhY+D81k=",
        "owner": "ryantm",
        "repo": "agenix",
        "rev": "4835b1dc898959d8547a871ef484930675cb47f1",
        "type": "github"
      },
      "original": {
        "owner": "ryantm",
        "repo": "agenix",
        "type": "github"
      }
    },
    "avatarSomasis": {
      "flake": false,
      "locked": {
        "narHash": "sha256-wQESKAcEpSlEyYqbH9pvd3BKfXJqSKlHB5GpcjTayWI=",
        "type": "file",
        "url": "https://www.gravatar.com/avatar/a187e38560bb56f5231cd19e45ad80f6?s=512"
      },
      "original": {
        "type": "file",
        "url": "https://www.gravatar.com/avatar/a187e38560bb56f5231cd19e45ad80f6?s=512"
      }
    },
    "catgirl": {
      "flake": false,
      "locked": {
        "lastModified": 1650390208,
        "narHash": "sha256-zWgTO9eGpbeJb3H9M9RjcFoPWCTpK3XCCKD+C9yWkAY=",
        "ref": "somasis/tokipona",
        "rev": "9ec43ab6b97445bd291e84af543ce1feea9a6bcd",
        "revCount": 1029,
        "type": "git",
        "url": "https://git.causal.agency/catgirl"
      },
      "original": {
        "ref": "somasis/tokipona",
        "type": "git",
        "url": "https://git.causal.agency/catgirl"
      }
    },
    "control-panel-for-twitter": {
      "flake": false,
      "locked": {
        "lastModified": 1747974877,
        "narHash": "sha256-u2SV+bRnxUDXBbLlarABw/SNedNzcus7tIBAefjR3UE=",
        "owner": "insin",
        "repo": "control-panel-for-twitter",
        "rev": "799026534874bef656f4238fb9e7c1c7378a3e05",
        "type": "github"
      },
      "original": {
        "owner": "insin",
        "repo": "control-panel-for-twitter",
        "type": "github"
      }
    },
    "crane": {
      "locked": {
        "lastModified": 1731098351,
        "narHash": "sha256-HQkYvKvaLQqNa10KEFGgWHfMAbWBfFp+4cAgkut+NNE=",
        "owner": "ipetkov",
        "repo": "crane",
        "rev": "ef80ead953c1b28316cc3f8613904edc2eb90c28",
        "type": "github"
      },
      "original": {
        "owner": "ipetkov",
        "repo": "crane",
        "type": "github"
      }
    },
    "darwin": {
      "inputs": {
        "nixpkgs": [
          "agenix",
          "nixpkgs"
        ]
      },
      "locked": {
        "lastModified": 1744478979,
        "narHash": "sha256-dyN+teG9G82G+m+PX/aSAagkC+vUv0SgUw3XkPhQodQ=",
        "owner": "lnl7",
        "repo": "nix-darwin",
        "rev": "43975d782b418ebf4969e9ccba82466728c2851b",
        "type": "github"
      },
      "original": {
        "owner": "lnl7",
        "ref": "master",
        "repo": "nix-darwin",
        "type": "github"
      }
    },
    "discordThemeCustom": {
      "flake": false,
      "locked": {
        "lastModified": 1748139158,
        "narHash": "sha256-iC/Go6ykfmBvsPQn8iycN1Oo4OdFLBXoO6KHOW970wg=",
        "path": "/home/somasis/src/discord-theme-custom",
        "type": "path"
      },
      "original": {
        "path": "/home/somasis/src/discord-theme-custom",
        "type": "path"
      }
    },
    "discordThemeIrc": {
      "flake": false,
      "locked": {
        "lastModified": 1667835392,
        "narHash": "sha256-x0OjnntzC71UydZHG4jcNItM/1py/t+PkIiVcx9L8Vw=",
        "owner": "somasis",
        "repo": "discord-theme-irc",
        "rev": "e3405891337de2abc72a21e2be0003f03509a923",
        "type": "github"
      },
      "original": {
        "owner": "somasis",
        "repo": "discord-theme-irc",
        "type": "github"
      }
    },
    "dmenu-flexipatch": {
      "flake": false,
      "locked": {
        "lastModified": 1747639418,
        "narHash": "sha256-4zXYiEDpzS0haNFvfxcfTyOAhZigGSGAorRoc7vAN3c=",
        "owner": "bakkeby",
        "repo": "dmenu-flexipatch",
        "rev": "45c22eaa042822f60a7eb08c4c40909a78910038",
        "type": "github"
      },
      "original": {
        "owner": "bakkeby",
        "repo": "dmenu-flexipatch",
        "type": "github"
      }
    },
    "fl-config": {
      "locked": {
        "lastModified": 1653159448,
        "narHash": "sha256-PvB9ha0r4w6p412MBPP71kS/ZTBnOjxL0brlmyucPBA=",
        "owner": "flakelib",
        "repo": "fl",
        "rev": "fcefb9738d5995308a24cda018a083ccb6b0f460",
        "type": "github"
      },
      "original": {
        "owner": "flakelib",
        "ref": "config",
        "repo": "fl",
        "type": "github"
      }
    },
    "flake-compat": {
      "flake": false,
      "locked": {
        "lastModified": 1747046372,
        "narHash": "sha256-CIVLLkVgvHYbgI2UpXvIIBJ12HWgX+fjA8Xf8PUmqCY=",
        "owner": "edolstra",
        "repo": "flake-compat",
        "rev": "9100a0f413b0c601e0533d1d94ffd501ce2e7885",
        "type": "github"
      },
      "original": {
        "owner": "edolstra",
        "repo": "flake-compat",
        "type": "github"
      }
    },
    "flake-compat_2": {
      "flake": false,
      "locked": {
        "lastModified": 1696426674,
        "narHash": "sha256-kvjfFW7WAETZlt09AgDn1MrtKzP7t90Vf7vypd3OL1U=",
        "owner": "edolstra",
        "repo": "flake-compat",
        "rev": "0f9255e01c2351cc7d116c072cb317785dd33b33",
        "type": "github"
      },
      "original": {
        "owner": "edolstra",
        "repo": "flake-compat",
        "type": "github"
      }
    },
    "flake-compat_3": {
      "flake": false,
      "locked": {
        "lastModified": 1696426674,
        "narHash": "sha256-kvjfFW7WAETZlt09AgDn1MrtKzP7t90Vf7vypd3OL1U=",
        "owner": "edolstra",
        "repo": "flake-compat",
        "rev": "0f9255e01c2351cc7d116c072cb317785dd33b33",
        "type": "github"
      },
      "original": {
        "owner": "edolstra",
        "repo": "flake-compat",
        "type": "github"
      }
    },
    "flake-compat_4": {
      "locked": {
        "lastModified": 1733328505,
        "narHash": "sha256-NeCCThCEP3eCl2l/+27kNNK7QrwZB1IJCrXfrbv5oqU=",
        "rev": "ff81ac966bb2cae68946d5ed5fc4994f96d0ffec",
        "revCount": 69,
        "type": "tarball",
        "url": "https://api.flakehub.com/f/pinned/edolstra/flake-compat/1.1.0/01948eb7-9cba-704f-bbf3-3fa956735b52/source.tar.gz"
      },
      "original": {
        "type": "tarball",
        "url": "https://flakehub.com/f/edolstra/flake-compat/1.tar.gz"
      }
    },
    "flake-parts": {
      "inputs": {
        "nixpkgs-lib": [
          "lanzaboote",
          "nixpkgs"
        ]
      },
      "locked": {
        "lastModified": 1730504689,
        "narHash": "sha256-hgmguH29K2fvs9szpq2r3pz2/8cJd2LPS+b4tfNFCwE=",
        "owner": "hercules-ci",
        "repo": "flake-parts",
        "rev": "506278e768c2a08bec68eb62932193e341f55c90",
        "type": "github"
      },
      "original": {
        "owner": "hercules-ci",
        "repo": "flake-parts",
        "type": "github"
      }
    },
    "flakelib": {
      "inputs": {
        "fl-config": "fl-config",
        "std": "std"
      },
      "locked": {
        "lastModified": 1653703940,
        "narHash": "sha256-5YmQ/uV/LvCutffKgJDICTToL4FJFSGUJC3mtDfDOpE=",
        "owner": "flakelib",
        "repo": "fl",
        "rev": "734cd53f181545ae495e24fe92c43430d8f91e3f",
        "type": "github"
      },
      "original": {
        "owner": "flakelib",
        "repo": "fl",
        "type": "github"
      }
    },
    "git-hooks": {
      "inputs": {
        "flake-compat": "flake-compat_2",
        "gitignore": "gitignore",
        "nixpkgs": "nixpkgs_2"
      },
      "locked": {
        "lastModified": 1747372754,
        "narHash": "sha256-2Y53NGIX2vxfie1rOW0Qb86vjRZ7ngizoo+bnXU9D9k=",
        "owner": "cachix",
        "repo": "git-hooks.nix",
        "rev": "80479b6ec16fefd9c1db3ea13aeb038c60530f46",
        "type": "github"
      },
      "original": {
        "owner": "cachix",
        "repo": "git-hooks.nix",
        "type": "github"
      }
    },
    "gitignore": {
      "inputs": {
        "nixpkgs": [
          "git-hooks",
          "nixpkgs"
        ]
      },
      "locked": {
        "lastModified": 1709087332,
        "narHash": "sha256-HG2cCnktfHsKV0s4XW83gU3F57gaTljL9KNSuG6bnQs=",
        "owner": "hercules-ci",
        "repo": "gitignore.nix",
        "rev": "637db329424fd7e46cf4185293b9cc8c88c95394",
        "type": "github"
      },
      "original": {
        "owner": "hercules-ci",
        "repo": "gitignore.nix",
        "type": "github"
      }
    },
    "gitignore_2": {
      "inputs": {
        "nixpkgs": [
          "lanzaboote",
          "pre-commit-hooks-nix",
          "nixpkgs"
        ]
      },
      "locked": {
        "lastModified": 1709087332,
        "narHash": "sha256-HG2cCnktfHsKV0s4XW83gU3F57gaTljL9KNSuG6bnQs=",
        "owner": "hercules-ci",
        "repo": "gitignore.nix",
        "rev": "637db329424fd7e46cf4185293b9cc8c88c95394",
        "type": "github"
      },
      "original": {
        "owner": "hercules-ci",
        "repo": "gitignore.nix",
        "type": "github"
      }
    },
    "home-manager": {
      "inputs": {
        "nixpkgs": [
          "agenix",
          "nixpkgs"
        ]
      },
      "locked": {
        "lastModified": 1745494811,
        "narHash": "sha256-YZCh2o9Ua1n9uCvrvi5pRxtuVNml8X2a03qIFfRKpFs=",
        "owner": "nix-community",
        "repo": "home-manager",
        "rev": "abfad3d2958c9e6300a883bd443512c55dfeb1be",
        "type": "github"
      },
      "original": {
        "owner": "nix-community",
        "repo": "home-manager",
        "type": "github"
      }
    },
    "homeManager": {
      "inputs": {
        "nixpkgs": [
          "nixpkgs"
        ]
      },
      "locked": {
        "lastModified": 1748226808,
        "narHash": "sha256-GaBRgxjWO1bAQa8P2+FDxG4ANBVhjnSjBms096qQdxo=",
        "owner": "nix-community",
        "repo": "home-manager",
        "rev": "83665c39fa688bd6a1f7c43cf7997a70f6a109f9",
        "type": "github"
      },
      "original": {
        "owner": "nix-community",
        "ref": "release-25.05",
        "repo": "home-manager",
        "type": "github"
      }
    },
    "homeManagerStable": {
      "inputs": {
        "nixpkgs": [
          "nixpkgsStable"
        ]
      },
      "locked": {
        "lastModified": 1747688870,
        "narHash": "sha256-ypL9WAZfmJr5V70jEVzqGjjQzF0uCkz+AFQF7n9NmNc=",
        "owner": "nix-community",
        "repo": "home-manager",
        "rev": "d5f1f641b289553927b3801580598d200a501863",
        "type": "github"
      },
      "original": {
        "owner": "nix-community",
        "ref": "release-24.11",
        "repo": "home-manager",
        "type": "github"
      }
    },
    "homeManagerUnstable": {
      "inputs": {
        "nixpkgs": [
          "nixpkgsUnstable"
        ]
      },
      "locked": {
        "lastModified": 1748227609,
        "narHash": "sha256-SaSdslyo6UGDpPUlmrPA4dWOEuxCy2ihRN9K6BnqYsA=",
        "owner": "nix-community",
        "repo": "home-manager",
        "rev": "d23d20f55d49d8818ac1f1b2783671e8a6725022",
        "type": "github"
      },
      "original": {
        "owner": "nix-community",
        "repo": "home-manager",
        "type": "github"
      }
    },
    "impermanence": {
      "locked": {
        "lastModified": 1737831083,
        "narHash": "sha256-LJggUHbpyeDvNagTUrdhe/pRVp4pnS6wVKALS782gRI=",
        "owner": "nix-community",
        "repo": "impermanence",
        "rev": "4b3e914cdf97a5b536a889e939fb2fd2b043a170",
        "type": "github"
      },
      "original": {
        "owner": "nix-community",
        "repo": "impermanence",
        "type": "github"
      }
    },
    "keys-github-cassie": {
      "flake": false,
      "locked": {
        "narHash": "sha256-DcRrFHtXwrw6lmz7F3EDbZU5IgenVIsrg63MAXvkbHo=",
        "type": "file",
        "url": "https://github.com/7596ff.keys"
      },
      "original": {
        "type": "file",
        "url": "https://github.com/7596ff.keys"
      }
    },
    "keys-github-somasis": {
      "flake": false,
      "locked": {
        "narHash": "sha256-c8JryuYF1tjz10Jb7Sdk5WdvMW/PU7hkLUC0LYLNpNw=",
        "type": "file",
        "url": "https://github.com/somasis.keys"
      },
      "original": {
        "type": "file",
        "url": "https://github.com/somasis.keys"
      }
    },
    "lanzaboote": {
      "inputs": {
        "crane": "crane",
        "flake-compat": "flake-compat_3",
        "flake-parts": "flake-parts",
        "nixpkgs": [
          "nixpkgs"
        ],
        "pre-commit-hooks-nix": "pre-commit-hooks-nix",
        "rust-overlay": "rust-overlay"
      },
      "locked": {
        "lastModified": 1737639419,
        "narHash": "sha256-AEEDktApTEZ5PZXNDkry2YV2k6t0dTgLPEmAZbnigXU=",
        "owner": "nix-community",
        "repo": "lanzaboote",
        "rev": "a65905a09e2c43ff63be8c0e86a93712361f871e",
        "type": "github"
      },
      "original": {
        "owner": "nix-community",
        "ref": "v0.4.2",
        "repo": "lanzaboote",
        "type": "github"
      }
    },
    "mosh-server-upnp": {
      "inputs": {
        "flakelib": "flakelib",
        "nixpkgs": [
          "nixpkgsStable"
        ]
      },
      "locked": {
        "lastModified": 1659715433,
        "narHash": "sha256-aQP9CQFpMDs7lvhuTlfSUH9Q3kS6/ziNWbqXmn8J0IE=",
        "owner": "arcnmx",
        "repo": "mosh-server-upnp",
        "rev": "58ea1bfaef8a10d8394ca8c753a782f045e570e6",
        "type": "github"
      },
      "original": {
        "owner": "arcnmx",
        "repo": "mosh-server-upnp",
        "type": "github"
      }
    },
    "nix-index-database": {
      "inputs": {
        "nixpkgs": [
          "nixpkgsUnstable"
        ]
      },
      "locked": {
        "lastModified": 1748145500,
        "narHash": "sha256-t9fx0l61WOxtWxXCqlXPWSuG/0XMF9DtE2T7KXgMqJw=",
        "owner": "nix-community",
        "repo": "nix-index-database",
        "rev": "a98adbf54d663395df0b9929f6481d4d80fc8927",
        "type": "github"
      },
      "original": {
        "owner": "nix-community",
        "repo": "nix-index-database",
        "type": "github"
      }
    },
    "nix-std": {
      "locked": {
        "lastModified": 1652644856,
        "narHash": "sha256-tRRx4bBFwctWrUhnCNrcRee8Wiol1M7ypQTOPrLLtkc=",
        "owner": "flakelib",
        "repo": "std",
        "rev": "194230d45e99ce84cf25ea8b3ae4774601fc097c",
        "type": "github"
      },
      "original": {
        "owner": "flakelib",
        "ref": "master",
        "repo": "std",
        "type": "github"
      }
    },
    "nixcord": {
      "inputs": {
        "flake-compat": "flake-compat_4",
        "nixpkgs": [
          "nixpkgsUnstable"
        ],
        "systems": "systems_2",
        "treefmt-nix": "treefmt-nix"
      },
      "locked": {
        "lastModified": 1748137719,
        "narHash": "sha256-yBiIy+eb0QxYoIOzOY7QyjqXY5PiLgIoNbFtg4SbUH8=",
        "owner": "kaylorben",
        "repo": "nixcord",
        "rev": "c4d7ccc9ae9fc1c46820bdc5b800b4f66e972ccc",
        "type": "github"
      },
      "original": {
        "owner": "kaylorben",
        "repo": "nixcord",
        "type": "github"
      }
    },
    "nixosHardware": {
      "locked": {
        "lastModified": 1747900541,
        "narHash": "sha256-dn64Pg9xLETjblwZs9Euu/SsjW80pd6lr5qSiyLY1pg=",
        "owner": "nixos",
        "repo": "nixos-hardware",
        "rev": "11f2d9ea49c3e964315215d6baa73a8d42672f06",
        "type": "github"
      },
      "original": {
        "owner": "nixos",
        "repo": "nixos-hardware",
        "type": "github"
      }
    },
    "nixpkgs": {
      "locked": {
        "lastModified": 1745391562,
        "narHash": "sha256-sPwcCYuiEopaafePqlG826tBhctuJsLx/mhKKM5Fmjo=",
        "owner": "NixOS",
        "repo": "nixpkgs",
        "rev": "8a2f738d9d1f1d986b5a4cd2fd2061a7127237d7",
        "type": "github"
      },
      "original": {
        "owner": "NixOS",
        "ref": "nixos-unstable",
        "repo": "nixpkgs",
        "type": "github"
      }
    },
    "nixpkgs-stable": {
      "locked": {
        "lastModified": 1730741070,
        "narHash": "sha256-edm8WG19kWozJ/GqyYx2VjW99EdhjKwbY3ZwdlPAAlo=",
        "owner": "NixOS",
        "repo": "nixpkgs",
        "rev": "d063c1dd113c91ab27959ba540c0d9753409edf3",
        "type": "github"
      },
      "original": {
        "owner": "NixOS",
        "ref": "nixos-24.05",
        "repo": "nixpkgs",
        "type": "github"
      }
    },
    "nixpkgsStable": {
      "locked": {
        "lastModified": 1748037224,
        "narHash": "sha256-92vihpZr6dwEMV6g98M5kHZIttrWahb9iRPBm1atcPk=",
        "owner": "nixos",
        "repo": "nixpkgs",
        "rev": "f09dede81861f3a83f7f06641ead34f02f37597f",
        "type": "github"
      },
      "original": {
        "owner": "nixos",
        "ref": "nixos-24.11",
        "repo": "nixpkgs",
        "type": "github"
      }
    },
    "nixpkgsUnstable": {
      "locked": {
        "lastModified": 1748026106,
        "narHash": "sha256-6m1Y3/4pVw1RWTsrkAK2VMYSzG4MMIj7sqUy7o8th1o=",
        "owner": "nixos",
        "repo": "nixpkgs",
        "rev": "063f43f2dbdef86376cc29ad646c45c46e93234c",
        "type": "github"
      },
      "original": {
        "owner": "nixos",
        "ref": "nixos-unstable",
        "repo": "nixpkgs",
        "type": "github"
      }
    },
    "nixpkgs_2": {
      "locked": {
        "lastModified": 1730768919,
        "narHash": "sha256-8AKquNnnSaJRXZxc5YmF/WfmxiHX6MMZZasRP6RRQkE=",
        "owner": "NixOS",
        "repo": "nixpkgs",
        "rev": "a04d33c0c3f1a59a2c1cb0c6e34cd24500e5a1dc",
        "type": "github"
      },
      "original": {
        "owner": "NixOS",
        "ref": "nixpkgs-unstable",
        "repo": "nixpkgs",
        "type": "github"
      }
    },
    "nixpkgs_3": {
      "locked": {
        "lastModified": 1748162331,
        "narHash": "sha256-rqc2RKYTxP3tbjA+PB3VMRQNnjesrT0pEofXQTrMsS8=",
        "owner": "nixos",
        "repo": "nixpkgs",
        "rev": "7c43f080a7f28b2774f3b3f43234ca11661bf334",
        "type": "github"
      },
      "original": {
        "owner": "nixos",
        "ref": "nixos-25.05",
        "repo": "nixpkgs",
        "type": "github"
      }
    },
    "nixpkgs_4": {
      "locked": {
        "lastModified": 1745377448,
        "narHash": "sha256-jhZDfXVKdD7TSEGgzFJQvEEZ2K65UMiqW5YJ2aIqxMA=",
        "owner": "nixos",
        "repo": "nixpkgs",
        "rev": "507b63021ada5fee621b6ca371c4fca9ca46f52c",
        "type": "github"
      },
      "original": {
        "owner": "nixos",
        "ref": "nixpkgs-unstable",
        "repo": "nixpkgs",
        "type": "github"
      }
    },
    "plasma-manager": {
      "inputs": {
        "home-manager": [
          "homeManager"
        ],
        "nixpkgs": [
          "nixpkgs"
        ]
      },
      "locked": {
        "lastModified": 1748196248,
        "narHash": "sha256-1iHjsH6/5UOerJEoZKE+Gx1BgAoge/YcnUsOA4wQ/BU=",
        "owner": "nix-community",
        "repo": "plasma-manager",
        "rev": "b7697abe89967839b273a863a3805345ea54ab56",
        "type": "github"
      },
      "original": {
        "owner": "nix-community",
        "repo": "plasma-manager",
        "type": "github"
      }
    },
    "plasma-pass": {
      "flake": false,
      "locked": {
        "lastModified": 1743027279,
        "narHash": "sha256-1dG5TAAcQzDxtKvkASGYxtxsP6zPX7cLrQSDOgXgj8g=",
        "ref": "refs/heads/master",
        "rev": "d5ab4f68cd1f0ea722122617453ab953e26d4e11",
        "revCount": 352,
        "type": "git",
        "url": "https://invent.kde.org/plasma/plasma-pass.git"
      },
      "original": {
        "type": "git",
        "url": "https://invent.kde.org/plasma/plasma-pass.git"
      }
    },
    "pre-commit-hooks-nix": {
      "inputs": {
        "flake-compat": [
          "lanzaboote",
          "flake-compat"
        ],
        "gitignore": "gitignore_2",
        "nixpkgs": [
          "lanzaboote",
          "nixpkgs"
        ],
        "nixpkgs-stable": "nixpkgs-stable"
      },
      "locked": {
        "lastModified": 1731363552,
        "narHash": "sha256-vFta1uHnD29VUY4HJOO/D6p6rxyObnf+InnSMT4jlMU=",
        "owner": "cachix",
        "repo": "pre-commit-hooks.nix",
        "rev": "cd1af27aa85026ac759d5d3fccf650abe7e1bbf0",
        "type": "github"
      },
      "original": {
        "owner": "cachix",
        "repo": "pre-commit-hooks.nix",
        "type": "github"
      }
    },
    "qutebrowser-zotero": {
      "flake": false,
      "locked": {
        "lastModified": 1560613400,
        "narHash": "sha256-Jv5qrpWSMrfGr6gV8PxELCOfZ0PyGBPO+nBt2czYuu4=",
        "owner": "parchd-1",
        "repo": "qutebrowser-zotero",
        "rev": "54706b43433c3ea8da6b7b410d67528da9779657",
        "type": "github"
      },
      "original": {
        "owner": "parchd-1",
        "repo": "qutebrowser-zotero",
        "type": "github"
      }
    },
    "root": {
      "inputs": {
        "adblockEasyList": "adblockEasyList",
        "adblockHosts": "adblockHosts",
        "agenix": "agenix",
        "avatarSomasis": "avatarSomasis",
        "catgirl": "catgirl",
        "control-panel-for-twitter": "control-panel-for-twitter",
        "discordThemeCustom": "discordThemeCustom",
        "discordThemeIrc": "discordThemeIrc",
        "dmenu-flexipatch": "dmenu-flexipatch",
        "flake-compat": "flake-compat",
        "git-hooks": "git-hooks",
        "homeManager": "homeManager",
        "homeManagerStable": "homeManagerStable",
        "homeManagerUnstable": "homeManagerUnstable",
        "impermanence": "impermanence",
        "keys-github-cassie": "keys-github-cassie",
        "keys-github-somasis": "keys-github-somasis",
        "lanzaboote": "lanzaboote",
        "mosh-server-upnp": "mosh-server-upnp",
        "nix-index-database": "nix-index-database",
        "nixcord": "nixcord",
        "nixosHardware": "nixosHardware",
        "nixpkgs": "nixpkgs_3",
        "nixpkgsStable": "nixpkgsStable",
        "nixpkgsUnstable": "nixpkgsUnstable",
        "plasma-manager": "plasma-manager",
        "plasma-pass": "plasma-pass",
        "qutebrowser-zotero": "qutebrowser-zotero",
        "sbase": "sbase",
        "treefmt-nix": "treefmt-nix_2",
        "uAssets": "uAssets",
        "ubase": "ubase"
      }
    },
    "rust-overlay": {
      "inputs": {
        "nixpkgs": [
          "lanzaboote",
          "nixpkgs"
        ]
      },
      "locked": {
        "lastModified": 1731897198,
        "narHash": "sha256-Ou7vLETSKwmE/HRQz4cImXXJBr/k9gp4J4z/PF8LzTE=",
        "owner": "oxalica",
        "repo": "rust-overlay",
        "rev": "0be641045af6d8666c11c2c40e45ffc9667839b5",
        "type": "github"
      },
      "original": {
        "owner": "oxalica",
        "repo": "rust-overlay",
        "type": "github"
      }
    },
    "sbase": {
      "flake": false,
      "locked": {
        "lastModified": 1746514765,
        "narHash": "sha256-aI+Z128elyhLGGc0u12esp1pBXHroFbdDD999tpbtK8=",
        "ref": "refs/heads/master",
        "rev": "5aa63dbe055d7a655ea14626abdf051ff29e057a",
        "revCount": 2036,
        "type": "git",
        "url": "git://git.suckless.org/sbase"
      },
      "original": {
        "type": "git",
        "url": "git://git.suckless.org/sbase"
      }
    },
    "std": {
      "inputs": {
        "nix-std": "nix-std"
      },
      "locked": {
        "lastModified": 1653157927,
        "narHash": "sha256-wT2L4XBu58vu8eKOvLfGK/2h4gwDjhTdLTQbGos1BlU=",
        "owner": "flakelib",
        "repo": "std",
        "rev": "f80d5bedb74de5722a813a9680fa8491817a05b4",
        "type": "github"
      },
      "original": {
        "owner": "flakelib",
        "repo": "std",
        "type": "github"
      }
    },
    "systems": {
      "locked": {
        "lastModified": 1681028828,
        "narHash": "sha256-Vy1rq5AaRuLzOxct8nz4T6wlgyUR7zLU309k9mBC768=",
        "owner": "nix-systems",
        "repo": "default",
        "rev": "da67096a3b9bf56a91d16901293e51ba5b49a27e",
        "type": "github"
      },
      "original": {
        "owner": "nix-systems",
        "repo": "default",
        "type": "github"
      }
    },
    "systems_2": {
      "locked": {
        "lastModified": 1681028828,
        "narHash": "sha256-Vy1rq5AaRuLzOxct8nz4T6wlgyUR7zLU309k9mBC768=",
        "owner": "nix-systems",
        "repo": "default",
        "rev": "da67096a3b9bf56a91d16901293e51ba5b49a27e",
        "type": "github"
      },
      "original": {
        "id": "systems",
        "type": "indirect"
      }
    },
    "treefmt-nix": {
      "inputs": {
        "nixpkgs": [
          "nixcord",
          "nixpkgs"
        ]
      },
      "locked": {
        "lastModified": 1744961264,
        "narHash": "sha256-aRmUh0AMwcbdjJHnytg1e5h5ECcaWtIFQa6d9gI85AI=",
        "owner": "numtide",
        "repo": "treefmt-nix",
        "rev": "8d404a69efe76146368885110f29a2ca3700bee6",
        "type": "github"
      },
      "original": {
        "owner": "numtide",
        "repo": "treefmt-nix",
        "type": "github"
      }
    },
    "treefmt-nix_2": {
      "inputs": {
        "nixpkgs": "nixpkgs_4"
      },
      "locked": {
        "lastModified": 1747912973,
        "narHash": "sha256-XgxghfND8TDypxsMTPU2GQdtBEsHTEc3qWE6RVEk8O0=",
        "owner": "numtide",
        "repo": "treefmt-nix",
        "rev": "020cb423808365fa3f10ff4cb8c0a25df35065a3",
        "type": "github"
      },
      "original": {
        "owner": "numtide",
        "repo": "treefmt-nix",
        "type": "github"
      }
    },
    "uAssets": {
      "flake": false,
      "locked": {
        "lastModified": 1748234181,
        "narHash": "sha256-632pUkqp/txCIS/wtKCydIUWvMqDlBUiwe7ZaSRpYPQ=",
        "owner": "uBlockOrigin",
        "repo": "uAssetsCDN",
        "rev": "fcde6b68339061ab509d1b50e6f5578731fd309e",
        "type": "github"
      },
      "original": {
        "owner": "uBlockOrigin",
        "repo": "uAssetsCDN",
        "type": "github"
      }
    },
    "ubase": {
      "flake": false,
      "locked": {
        "lastModified": 1591329989,
        "narHash": "sha256-wgoseKkQCtj0+99HpwK162kYUGZl/mTExc33A8hculo=",
        "owner": "michaelforney",
        "repo": "ubase",
        "rev": "f152e7fc3bd1675060818ac224f96541a2d9d6e7",
        "type": "github"
      },
      "original": {
        "owner": "michaelforney",
        "repo": "ubase",
        "type": "github"
      }
    }
  },
  "root": "root",
  "version": 7
}
